// !$*UTF8*$!
{
	archiveVersion = 1;
	classes = {
	};
	objectVersion = 46;
	objects = {

/* Begin PBXBuildFile section */
		EA3B59A81C8B2F1700F542C4 /* main.m in Sources */ = {isa = PBXBuildFile; fileRef = EA3B59A71C8B2F1700F542C4 /* main.m */; };
		EA3B59AB1C8B2F1700F542C4 /* AppDelegate.m in Sources */ = {isa = PBXBuildFile; fileRef = EA3B59AA1C8B2F1700F542C4 /* AppDelegate.m */; };
		EA3B59AE1C8B2F1700F542C4 /* ViewController.m in Sources */ = {isa = PBXBuildFile; fileRef = EA3B59AD1C8B2F1700F542C4 /* ViewController.m */; };
		EA3B59B11C8B2F1700F542C4 /* Main.storyboard in Resources */ = {isa = PBXBuildFile; fileRef = EA3B59AF1C8B2F1700F542C4 /* Main.storyboard */; };
		EA3B59B31C8B2F1700F542C4 /* Assets.xcassets in Resources */ = {isa = PBXBuildFile; fileRef = EA3B59B21C8B2F1700F542C4 /* Assets.xcassets */; };
		EA3B59B61C8B2F1700F542C4 /* LaunchScreen.storyboard in Resources */ = {isa = PBXBuildFile; fileRef = EA3B59B41C8B2F1700F542C4 /* LaunchScreen.storyboard */; };
		EA3B59BF1C8B2F6F00F542C4 /* PVAlgebraMatrix.m in Sources */ = {isa = PBXBuildFile; fileRef = EA3B59BE1C8B2F6F00F542C4 /* PVAlgebraMatrix.m */; };
		EA3B59C61C8B41B600F542C4 /* PAMVacuumCleaner.m in Sources */ = {isa = PBXBuildFile; fileRef = EA3B59C51C8B41B600F542C4 /* PAMVacuumCleaner.m */; };
		EAFAFBA21C8D7FF600EE91AA /* PAMMapRoom.m in Sources */ = {isa = PBXBuildFile; fileRef = EAFAFBA11C8D7FF600EE91AA /* PAMMapRoom.m */; };
/* End PBXBuildFile section */

/* Begin PBXFileReference section */
		EA3B59A31C8B2F1700F542C4 /* VacuumCleanerWorld.app */ = {isa = PBXFileReference; explicitFileType = wrapper.application; includeInIndex = 0; path = VacuumCleanerWorld.app; sourceTree = BUILT_PRODUCTS_DIR; };
		EA3B59A71C8B2F1700F542C4 /* main.m */ = {isa = PBXFileReference; lastKnownFileType = sourcecode.c.objc; path = main.m; sourceTree = "<group>"; };
		EA3B59A91C8B2F1700F542C4 /* AppDelegate.h */ = {isa = PBXFileReference; lastKnownFileType = sourcecode.c.h; path = AppDelegate.h; sourceTree = "<group>"; };
		EA3B59AA1C8B2F1700F542C4 /* AppDelegate.m */ = {isa = PBXFileReference; lastKnownFileType = sourcecode.c.objc; path = AppDelegate.m; sourceTree = "<group>"; };
		EA3B59AC1C8B2F1700F542C4 /* ViewController.h */ = {isa = PBXFileReference; lastKnownFileType = sourcecode.c.h; path = ViewController.h; sourceTree = "<group>"; };
		EA3B59AD1C8B2F1700F542C4 /* ViewController.m */ = {isa = PBXFileReference; lastKnownFileType = sourcecode.c.objc; path = ViewController.m; sourceTree = "<group>"; };
		EA3B59B01C8B2F1700F542C4 /* Base */ = {isa = PBXFileReference; lastKnownFileType = file.storyboard; name = Base; path = Base.lproj/Main.storyboard; sourceTree = "<group>"; };
		EA3B59B21C8B2F1700F542C4 /* Assets.xcassets */ = {isa = PBXFileReference; lastKnownFileType = folder.assetcatalog; path = Assets.xcassets; sourceTree = "<group>"; };
		EA3B59B51C8B2F1700F542C4 /* Base */ = {isa = PBXFileReference; lastKnownFileType = file.storyboard; name = Base; path = Base.lproj/LaunchScreen.storyboard; sourceTree = "<group>"; };
		EA3B59B71C8B2F1700F542C4 /* Info.plist */ = {isa = PBXFileReference; lastKnownFileType = text.plist.xml; path = Info.plist; sourceTree = "<group>"; };
		EA3B59BD1C8B2F6F00F542C4 /* PVAlgebraMatrix.h */ = {isa = PBXFileReference; fileEncoding = 4; lastKnownFileType = sourcecode.c.h; path = PVAlgebraMatrix.h; sourceTree = "<group>"; };
		EA3B59BE1C8B2F6F00F542C4 /* PVAlgebraMatrix.m */ = {isa = PBXFileReference; fileEncoding = 4; lastKnownFileType = sourcecode.c.objc; path = PVAlgebraMatrix.m; sourceTree = "<group>"; };
		EA3B59C41C8B41B600F542C4 /* PAMVacuumCleaner.h */ = {isa = PBXFileReference; fileEncoding = 4; lastKnownFileType = sourcecode.c.h; path = PAMVacuumCleaner.h; sourceTree = "<group>"; };
		EA3B59C51C8B41B600F542C4 /* PAMVacuumCleaner.m */ = {isa = PBXFileReference; fileEncoding = 4; lastKnownFileType = sourcecode.c.objc; path = PAMVacuumCleaner.m; sourceTree = "<group>"; };
		EAFAFBA01C8D7FF600EE91AA /* PAMMapRoom.h */ = {isa = PBXFileReference; fileEncoding = 4; lastKnownFileType = sourcecode.c.h; path = PAMMapRoom.h; sourceTree = "<group>"; };
		EAFAFBA11C8D7FF600EE91AA /* PAMMapRoom.m */ = {isa = PBXFileReference; fileEncoding = 4; lastKnownFileType = sourcecode.c.objc; path = PAMMapRoom.m; sourceTree = "<group>"; };
/* End PBXFileReference section */

/* Begin PBXFrameworksBuildPhase section */
		EA3B59A01C8B2F1700F542C4 /* Frameworks */ = {
			isa = PBXFrameworksBuildPhase;
			buildActionMask = 2147483647;
			files = (
			);
			runOnlyForDeploymentPostprocessing = 0;
		};
/* End PBXFrameworksBuildPhase section */

/* Begin PBXGroup section */
		EA3B599A1C8B2F1700F542C4 = {
			isa = PBXGroup;
			children = (
				EA3B59A51C8B2F1700F542C4 /* VacuumCleanerWorld */,
				EA3B59A41C8B2F1700F542C4 /* Products */,
			);
			sourceTree = "<group>";
		};
		EA3B59A41C8B2F1700F542C4 /* Products */ = {
			isa = PBXGroup;
			children = (
				EA3B59A31C8B2F1700F542C4 /* VacuumCleanerWorld.app */,
			);
			name = Products;
			sourceTree = "<group>";
		};
		EA3B59A51C8B2F1700F542C4 /* VacuumCleanerWorld */ = {
			isa = PBXGroup;
			children = (
				EAFAFBA01C8D7FF600EE91AA /* PAMMapRoom.h */,
				EAFAFBA11C8D7FF600EE91AA /* PAMMapRoom.m */,
				EA3B59C41C8B41B600F542C4 /* PAMVacuumCleaner.h */,
				EA3B59C51C8B41B600F542C4 /* PAMVacuumCleaner.m */,
				EA3B59AC1C8B2F1700F542C4 /* ViewController.h */,
				EA3B59AD1C8B2F1700F542C4 /* ViewController.m */,
				EA3B59C31C8B390600F542C4 /* Storyboard */,
				EA3B59A61C8B2F1700F542C4 /* Supporting Files */,
			);
			path = VacuumCleanerWorld;
			sourceTree = "<group>";
		};
		EA3B59A61C8B2F1700F542C4 /* Supporting Files */ = {
			isa = PBXGroup;
			children = (
				EA3B59A91C8B2F1700F542C4 /* AppDelegate.h */,
				EA3B59AA1C8B2F1700F542C4 /* AppDelegate.m */,
				EA3B59B21C8B2F1700F542C4 /* Assets.xcassets */,
				EA3B59B71C8B2F1700F542C4 /* Info.plist */,
				EA3B59BD1C8B2F6F00F542C4 /* PVAlgebraMatrix.h */,
				EA3B59BE1C8B2F6F00F542C4 /* PVAlgebraMatrix.m */,
				EA3B59A71C8B2F1700F542C4 /* main.m */,
			);
			name = "Supporting Files";
			sourceTree = "<group>";
		};
		EA3B59C31C8B390600F542C4 /* Storyboard */ = {
			isa = PBXGroup;
			children = (
				EA3B59AF1C8B2F1700F542C4 /* Main.storyboard */,
				EA3B59B41C8B2F1700F542C4 /* LaunchScreen.storyboard */,
			);
			name = Storyboard;
			sourceTree = "<group>";
		};
/* End PBXGroup section */

/* Begin PBXNativeTarget section */
		EA3B59A21C8B2F1700F542C4 /* VacuumCleanerWorld */ = {
			isa = PBXNativeTarget;
			buildConfigurationList = EA3B59BA1C8B2F1700F542C4 /* Build configuration list for PBXNativeTarget "VacuumCleanerWorld" */;
			buildPhases = (
				EA3B599F1C8B2F1700F542C4 /* Sources */,
				EA3B59A01C8B2F1700F542C4 /* Frameworks */,
				EA3B59A11C8B2F1700F542C4 /* Resources */,
			);
			buildRules = (
			);
			dependencies = (
			);
			name = VacuumCleanerWorld;
			productName = VacuumCleanerWorld;
			productReference = EA3B59A31C8B2F1700F542C4 /* VacuumCleanerWorld.app */;
			productType = "com.apple.product-type.application";
		};
/* End PBXNativeTarget section */

/* Begin PBXProject section */
		EA3B599B1C8B2F1700F542C4 /* Project object */ = {
			isa = PBXProject;
			attributes = {
				LastUpgradeCheck = 0720;
				ORGANIZATIONNAME = iMac309;
				TargetAttributes = {
					EA3B59A21C8B2F1700F542C4 = {
						CreatedOnToolsVersion = 7.2.1;
					};
				};
			};
			buildConfigurationList = EA3B599E1C8B2F1700F542C4 /* Build configuration list for PBXProject "VacuumCleanerWorld" */;
			compatibilityVersion = "Xcode 3.2";
			developmentRegion = English;
			hasScannedForEncodings = 0;
			knownRegions = (
				en,
				Base,
			);
			mainGroup = EA3B599A1C8B2F1700F542C4;
			productRefGroup = EA3B59A41C8B2F1700F542C4 /* Products */;
			projectDirPath = "";
			projectRoot = "";
			targets = (
				EA3B59A21C8B2F1700F542C4 /* VacuumCleanerWorld */,
			);
		};
/* End PBXProject section */

/* Begin PBXResourcesBuildPhase section */
		EA3B59A11C8B2F1700F542C4 /* Resources */ = {
			isa = PBXResourcesBuildPhase;
			buildActionMask = 2147483647;
			files = (
				EA3B59B61C8B2F1700F542C4 /* LaunchScreen.storyboard in Resources */,
				EA3B59B31C8B2F1700F542C4 /* Assets.xcassets in Resources */,
				EA3B59B11C8B2F1700F542C4 /* Main.storyboard in Resources */,
			);
			runOnlyForDeploymentPostprocessing = 0;
		};
/* End PBXResourcesBuildPhase section */

/* Begin PBXSourcesBuildPhase section */
		EA3B599F1C8B2F1700F542C4 /* Sources */ = {
			isa = PBXSourcesBuildPhase;
			buildActionMask = 2147483647;
			files = (
				EA3B59C61C8B41B600F542C4 /* PAMVacuumCleaner.m in Sources */,
				EA3B59AE1C8B2F1700F542C4 /* ViewController.m in Sources */,
				EA3B59BF1C8B2F6F00F542C4 /* PVAlgebraMatrix.m in Sources */,
				EA3B59AB1C8B2F1700F542C4 /* AppDelegate.m in Sources */,
				EA3B59A81C8B2F1700F542C4 /* main.m in Sources */,
				EAFAFBA21C8D7FF600EE91AA /* PAMMapRoom.m in Sources */,
			);
			runOnlyForDeploymentPostprocessing = 0;
		};
/* End PBXSourcesBuildPhase section */

/* Begin PBXVariantGroup section */
		EA3B59AF1C8B2F1700F542C4 /* Main.storyboard */ = {
			isa = PBXVariantGroup;
			children = (
				EA3B59B01C8B2F1700F542C4 /* Base */,
			);
			name = Main.storyboard;
			sourceTree = "<group>";
		};
		EA3B59B41C8B2F1700F542C4 /* LaunchScreen.storyboard */ = {
			isa = PBXVariantGroup;
			children = (
				EA3B59B51C8B2F1700F542C4 /* Base */,
			);
			name = LaunchScreen.storyboard;
			sourceTree = "<group>";
		};
/* End PBXVariantGroup section */

/* Begin XCBuildConfiguration section */
		EA3B59B81C8B2F1700F542C4 /* Debug */ = {
			isa = XCBuildConfiguration;
			buildSettings = {
				ALWAYS_SEARCH_USER_PATHS = NO;
				CLANG_CXX_LANGUAGE_STANDARD = "gnu++0x";
				CLANG_CXX_LIBRARY = "libc++";
				CLANG_ENABLE_MODULES = YES;
				CLANG_ENABLE_OBJC_ARC = YES;
				CLANG_WARN_BOOL_CONVERSION = YES;
				CLANG_WARN_CONSTANT_CONVERSION = YES;
				CLANG_WARN_DIRECT_OBJC_ISA_USAGE = YES_ERROR;
				CLANG_WARN_EMPTY_BODY = YES;
				CLANG_WARN_ENUM_CONVERSION = YES;
				CLANG_WARN_INT_CONVERSION = YES;
				CLANG_WARN_OBJC_ROOT_CLASS = YES_ERROR;
				CLANG_WARN_UNREACHABLE_CODE = YES;
				CLANG_WARN__DUPLICATE_METHOD_MATCH = YES;
				"CODE_SIGN_IDENTITY[sdk=iphoneos*]" = "iPhone Developer";
				COPY_PHASE_STRIP = NO;
				DEBUG_INFORMATION_FORMAT = dwarf;
				ENABLE_STRICT_OBJC_MSGSEND = YES;
				ENABLE_TESTABILITY = YES;
				GCC_C_LANGUAGE_STANDARD = gnu99;
				GCC_DYNAMIC_NO_PIC = NO;
				GCC_NO_COMMON_BLOCKS = YES;
				GCC_OPTIMIZATION_LEVEL = 0;
				GCC_PREPROCESSOR_DEFINITIONS = (
					"DEBUG=1",
					"$(inherited)",
				);
				GCC_WARN_64_TO_32_BIT_CONVERSION = YES;
				GCC_WARN_ABOUT_RETURN_TYPE = YES_ERROR;
				GCC_WARN_UNDECLARED_SELECTOR = YES;
				GCC_WARN_UNINITIALIZED_AUTOS = YES_AGGRESSIVE;
				GCC_WARN_UNUSED_FUNCTION = YES;
				GCC_WARN_UNUSED_VARIABLE = YES;
				IPHONEOS_DEPLOYMENT_TARGET = 9.2;
				MTL_ENABLE_DEBUG_INFO = YES;
				ONLY_ACTIVE_ARCH = YES;
				SDKROOT = iphoneos;
				TARGETED_DEVICE_FAMILY = 2;
			};
			name = Debug;
		};
		EA3B59B91C8B2F1700F542C4 /* Release */ = {
			isa = XCBuildConfiguration;
			buildSettings = {
				ALWAYS_SEARCH_USER_PATHS = NO;
				CLANG_CXX_LANGUAGE_STANDARD = "gnu++0x";
				CLANG_CXX_LIBRARY = "libc++";
				CLANG_ENABLE_MODULES = YES;
				CLANG_ENABLE_OBJC_ARC = YES;
				CLANG_WARN_BOOL_CONVERSION = YES;
				CLANG_WARN_CONSTANT_CONVERSION = YES;
				CLANG_WARN_DIRECT_OBJC_ISA_USAGE = YES_ERROR;
				CLANG_WARN_EMPTY_BODY = YES;
				CLANG_WARN_ENUM_CONVERSION = YES;
				CLANG_WARN_INT_CONVERSION = YES;
				CLANG_WARN_OBJC_ROOT_CLASS = YES_ERROR;
				CLANG_WARN_UNREACHABLE_CODE = YES;
				CLANG_WARN__DUPLICATE_METHOD_MATCH = YES;
				"CODE_SIGN_IDENTITY[sdk=iphoneos*]" = "iPhone Developer";
				COPY_PHASE_STRIP = NO;
				DEBUG_INFORMATION_FORMAT = "dwarf-with-dsym";
				ENABLE_NS_ASSERTIONS = NO;
				ENABLE_STRICT_OBJC_MSGSEND = YES;
				GCC_C_LANGUAGE_STANDARD = gnu99;
				GCC_NO_COMMON_BLOCKS = YES;
				GCC_WARN_64_TO_32_BIT_CONVERSION = YES;
				GCC_WARN_ABOUT_RETURN_TYPE = YES_ERROR;
				GCC_WARN_UNDECLARED_SELECTOR = YES;
				GCC_WARN_UNINITIALIZED_AUTOS = YES_AGGRESSIVE;
				GCC_WARN_UNUSED_FUNCTION = YES;
				GCC_WARN_UNUSED_VARIABLE = YES;
				IPHONEOS_DEPLOYMENT_TARGET = 9.2;
				MTL_ENABLE_DEBUG_INFO = NO;
				SDKROOT = iphoneos;
				TARGETED_DEVICE_FAMILY = 2;
				VALIDATE_PRODUCT = YES;
			};
			name = Release;
		};
		EA3B59BB1C8B2F1700F542C4 /* Debug */ = {
			isa = XCBuildConfiguration;
			buildSettings = {
				ASSETCATALOG_COMPILER_APPICON_NAME = AppIcon;
				INFOPLIST_FILE = VacuumCleanerWorld/Info.plist;
				LD_RUNPATH_SEARCH_PATHS = "$(inherited) @executable_path/Frameworks";
				PRODUCT_BUNDLE_IDENTIFIER = PAM.VacuumCleanerWorld;
				PRODUCT_NAME = "$(TARGET_NAME)";
			};
			name = Debug;
		};
		EA3B59BC1C8B2F1700F542C4 /* Release */ = {
			isa = XCBuildConfiguration;
			buildSettings = {
				ASSETCATALOG_COMPILER_APPICON_NAME = AppIcon;
				INFOPLIST_FILE = VacuumCleanerWorld/Info.plist;
				LD_RUNPATH_SEARCH_PATHS = "$(inherited) @executable_path/Frameworks";
				PRODUCT_BUNDLE_IDENTIFIER = PAM.VacuumCleanerWorld;
				PRODUCT_NAME = "$(TARGET_NAME)";
			};
			name = Release;
		};
/* End XCBuildConfiguration section */

/* Begin XCConfigurationList section */
		EA3B599E1C8B2F1700F542C4 /* Build configuration list for PBXProject "VacuumCleanerWorld" */ = {
			isa = XCConfigurationList;
			buildConfigurations = (
				EA3B59B81C8B2F1700F542C4 /* Debug */,
				EA3B59B91C8B2F1700F542C4 /* Release */,
			);
			defaultConfigurationIsVisible = 0;
			defaultConfigurationName = Release;
		};
		EA3B59BA1C8B2F1700F542C4 /* Build configuration list for PBXNativeTarget "VacuumCleanerWorld" */ = {
			isa = XCConfigurationList;
			buildConfigurations = (
				EA3B59BB1C8B2F1700F542C4 /* Debug */,
				EA3B59BC1C8B2F1700F542C4 /* Release */,
			);
			defaultConfigurationIsVisible = 0;
			defaultConfigurationName = Release;
		};
/* End XCConfigurationList section */
	};
	rootObject = EA3B599B1C8B2F1700F542C4 /* Project object */;
}
